// !$*UTF8*$!
{
	archiveVersion = 1;
	classes = {
	};
	objectVersion = 77;
	objects = {

/* Begin PBXContainerItemProxy section */
		DCEFE3EB2DEBB1BB009592F5 /* PBXContainerItemProxy */ = {
			isa = PBXContainerItemProxy;
			containerPortal = DCEFE3D22DEBB1BA009592F5 /* Project object */;
			proxyType = 1;
			remoteGlobalIDString = DCEFE3D92DEBB1BA009592F5;
			remoteInfo = PullToSearch;
		};
		DCEFE3F52DEBB1BB009592F5 /* PBXContainerItemProxy */ = {
			isa = PBXContainerItemProxy;
			containerPortal = DCEFE3D22DEBB1BA009592F5 /* Project object */;
			proxyType = 1;
			remoteGlobalIDString = DCEFE3D92DEBB1BA009592F5;
			remoteInfo = PullToSearch;
		};
/* End PBXContainerItemProxy section */

/* Begin PBXFileReference section */
		DCEFE3DA2DEBB1BA009592F5 /* PullToSearch.app */ = {isa = PBXFileReference; explicitFileType = wrapper.application; includeInIndex = 0; path = PullToSearch.app; sourceTree = BUILT_PRODUCTS_DIR; };
		DCEFE3EA2DEBB1BB009592F5 /* PullToSearchTests.xctest */ = {isa = PBXFileReference; explicitFileType = wrapper.cfbundle; includeInIndex = 0; path = PullToSearchTests.xctest; sourceTree = BUILT_PRODUCTS_DIR; };
		DCEFE3F42DEBB1BB009592F5 /* PullToSearchUITests.xctest */ = {isa = PBXFileReference; explicitFileType = wrapper.cfbundle; includeInIndex = 0; path = PullToSearchUITests.xctest; sourceTree = BUILT_PRODUCTS_DIR; };
/* End PBXFileReference section */

/* Begin PBXFileSystemSynchronizedRootGroup section */
		DCEFE3DC2DEBB1BA009592F5 /* PullToSearch */ = {
			isa = PBXFileSystemSynchronizedRootGroup;
			path = PullToSearch;
			sourceTree = "<group>";
		};
		DCEFE3ED2DEBB1BB009592F5 /* PullToSearchTests */ = {
			isa = PBXFileSystemSynchronizedRootGroup;
			path = PullToSearchTests;
			sourceTree = "<group>";
		};
		DCEFE3F72DEBB1BB009592F5 /* PullToSearchUITests */ = {
			isa = PBXFileSystemSynchronizedRootGroup;
			path = PullToSearchUITests;
			sourceTree = "<group>";
		};
/* End PBXFileSystemSynchronizedRootGroup section */

/* Begin PBXFrameworksBuildPhase section */
		DCEFE3D72DEBB1BA009592F5 /* Frameworks */ = {
			isa = PBXFrameworksBuildPhase;
			buildActionMask = 2147483647;
			files = (
			);
			runOnlyForDeploymentPostprocessing = 0;
		};
		DCEFE3E72DEBB1BB009592F5 /* Frameworks */ = {
			isa = PBXFrameworksBuildPhase;
			buildActionMask = 2147483647;
			files = (
			);
			runOnlyForDeploymentPostprocessing = 0;
		};
		DCEFE3F12DEBB1BB009592F5 /* Frameworks */ = {
			isa = PBXFrameworksBuildPhase;
			buildActionMask = 2147483647;
			files = (
			);
			runOnlyForDeploymentPostprocessing = 0;
		};
/* End PBXFrameworksBuildPhase section */

/* Begin PBXGroup section */
		DCEFE3D12DEBB1BA009592F5 = {
			isa = PBXGroup;
			children = (
				DCEFE3DC2DEBB1BA009592F5 /* PullToSearch */,
				DCEFE3ED2DEBB1BB009592F5 /* PullToSearchTests */,
				DCEFE3F72DEBB1BB009592F5 /* PullToSearchUITests */,
				DCEFE3DB2DEBB1BA009592F5 /* Products */,
			);
			sourceTree = "<group>";
		};
		DCEFE3DB2DEBB1BA009592F5 /* Products */ = {
			isa = PBXGroup;
			children = (
				DCEFE3DA2DEBB1BA009592F5 /* PullToSearch.app */,
				DCEFE3EA2DEBB1BB009592F5 /* PullToSearchTests.xctest */,
				DCEFE3F42DEBB1BB009592F5 /* PullToSearchUITests.xctest */,
			);
			name = Products;
			sourceTree = "<group>";
		};
/* End PBXGroup section */

/* Begin PBXNativeTarget section */
		DCEFE3D92DEBB1BA009592F5 /* PullToSearch */ = {
			isa = PBXNativeTarget;
			buildConfigurationList = DCEFE3FE2DEBB1BB009592F5 /* Build configuration list for PBXNativeTarget "PullToSearch" */;
			buildPhases = (
				DCEFE3D62DEBB1BA009592F5 /* Sources */,
				DCEFE3D72DEBB1BA009592F5 /* Frameworks */,
				DCEFE3D82DEBB1BA009592F5 /* Resources */,
			);
			buildRules = (
			);
			dependencies = (
			);
			fileSystemSynchronizedGroups = (
				DCEFE3DC2DEBB1BA009592F5 /* PullToSearch */,
			);
			name = PullToSearch;
			packageProductDependencies = (
			);
			productName = PullToSearch;
			productReference = DCEFE3DA2DEBB1BA009592F5 /* PullToSearch.app */;
			productType = "com.apple.product-type.application";
		};
		DCEFE3E92DEBB1BB009592F5 /* PullToSearchTests */ = {
			isa = PBXNativeTarget;
			buildConfigurationList = DCEFE4012DEBB1BB009592F5 /* Build configuration list for PBXNativeTarget "PullToSearchTests" */;
			buildPhases = (
				DCEFE3E62DEBB1BB009592F5 /* Sources */,
				DCEFE3E72DEBB1BB009592F5 /* Frameworks */,
				DCEFE3E82DEBB1BB009592F5 /* Resources */,
			);
			buildRules = (
			);
			dependencies = (
				DCEFE3EC2DEBB1BB009592F5 /* PBXTargetDependency */,
			);
			fileSystemSynchronizedGroups = (
				DCEFE3ED2DEBB1BB009592F5 /* PullToSearchTests */,
			);
			name = PullToSearchTests;
			packageProductDependencies = (
			);
			productName = PullToSearchTests;
			productReference = DCEFE3EA2DEBB1BB009592F5 /* PullToSearchTests.xctest */;
			productType = "com.apple.product-type.bundle.unit-test";
		};
		DCEFE3F32DEBB1BB009592F5 /* PullToSearchUITests */ = {
			isa = PBXNativeTarget;
			buildConfigurationList = DCEFE4042DEBB1BB009592F5 /* Build configuration list for PBXNativeTarget "PullToSearchUITests" */;
			buildPhases = (
				DCEFE3F02DEBB1BB009592F5 /* Sources */,
				DCEFE3F12DEBB1BB009592F5 /* Frameworks */,
				DCEFE3F22DEBB1BB009592F5 /* Resources */,
			);
			buildRules = (
			);
			dependencies = (
				DCEFE3F62DEBB1BB009592F5 /* PBXTargetDependency */,
			);
			fileSystemSynchronizedGroups = (
				DCEFE3F72DEBB1BB009592F5 /* PullToSearchUITests */,
			);
			name = PullToSearchUITests;
			packageProductDependencies = (
			);
			productName = PullToSearchUITests;
			productReference = DCEFE3F42DEBB1BB009592F5 /* PullToSearchUITests.xctest */;
			productType = "com.apple.product-type.bundle.ui-testing";
		};
/* End PBXNativeTarget section */

/* Begin PBXProject section */
		DCEFE3D22DEBB1BA009592F5 /* Project object */ = {
			isa = PBXProject;
			attributes = {
				BuildIndependentTargetsInParallel = 1;
				LastSwiftUpdateCheck = 1620;
				LastUpgradeCheck = 1620;
				TargetAttributes = {
					DCEFE3D92DEBB1BA009592F5 = {
						CreatedOnToolsVersion = 16.2;
					};
					DCEFE3E92DEBB1BB009592F5 = {
						CreatedOnToolsVersion = 16.2;
						TestTargetID = DCEFE3D92DEBB1BA009592F5;
					};
					DCEFE3F32DEBB1BB009592F5 = {
						CreatedOnToolsVersion = 16.2;
						TestTargetID = DCEFE3D92DEBB1BA009592F5;
					};
				};
			};
			buildConfigurationList = DCEFE3D52DEBB1BA009592F5 /* Build configuration list for PBXProject "PullToSearch" */;
			developmentRegion = en;
			hasScannedForEncodings = 0;
			knownRegions = (
				en,
				Base,
			);
			mainGroup = DCEFE3D12DEBB1BA009592F5;
			minimizedProjectReferenceProxies = 1;
			preferredProjectObjectVersion = 77;
			productRefGroup = DCEFE3DB2DEBB1BA009592F5 /* Products */;
			projectDirPath = "";
			projectRoot = "";
			targets = (
				DCEFE3D92DEBB1BA009592F5 /* PullToSearch */,
				DCEFE3E92DEBB1BB009592F5 /* PullToSearchTests */,
				DCEFE3F32DEBB1BB009592F5 /* PullToSearchUITests */,
			);
		};
/* End PBXProject section */

/* Begin PBXResourcesBuildPhase section */
		DCEFE3D82DEBB1BA009592F5 /* Resources */ = {
			isa = PBXResourcesBuildPhase;
			buildActionMask = 2147483647;
			files = (
			);
			runOnlyForDeploymentPostprocessing = 0;
		};
		DCEFE3E82DEBB1BB009592F5 /* Resources */ = {
			isa = PBXResourcesBuildPhase;
			buildActionMask = 2147483647;
			files = (
			);
			runOnlyForDeploymentPostprocessing = 0;
		};
		DCEFE3F22DEBB1BB009592F5 /* Resources */ = {
			isa = PBXResourcesBuildPhase;
			buildActionMask = 2147483647;
			files = (
			);
			runOnlyForDeploymentPostprocessing = 0;
		};
/* End PBXResourcesBuildPhase section */

/* Begin PBXSourcesBuildPhase section */
		DCEFE3D62DEBB1BA009592F5 /* Sources */ = {
			isa = PBXSourcesBuildPhase;
			buildActionMask = 2147483647;
			files = (
			);
			runOnlyForDeploymentPostprocessing = 0;
		};
		DCEFE3E62DEBB1BB009592F5 /* Sources */ = {
			isa = PBXSourcesBuildPhase;
			buildActionMask = 2147483647;
			files = (
			);
			runOnlyForDeploymentPostprocessing = 0;
		};
		DCEFE3F02DEBB1BB009592F5 /* Sources */ = {
			isa = PBXSourcesBuildPhase;
			buildActionMask = 2147483647;
			files = (
			);
			runOnlyForDeploymentPostprocessing = 0;
		};
/* End PBXSourcesBuildPhase section */

/* Begin PBXTargetDependency section */
		DCEFE3EC2DEBB1BB009592F5 /* PBXTargetDependency */ = {
			isa = PBXTargetDependency;
			target = DCEFE3D92DEBB1BA009592F5 /* PullToSearch */;
			targetProxy = DCEFE3EB2DEBB1BB009592F5 /* PBXContainerItemProxy */;
		};
		DCEFE3F62DEBB1BB009592F5 /* PBXTargetDependency */ = {
			isa = PBXTargetDependency;
			target = DCEFE3D92DEBB1BA009592F5 /* PullToSearch */;
			targetProxy = DCEFE3F52DEBB1BB009592F5 /* PBXContainerItemProxy */;
		};
/* End PBXTargetDependency section */

/* Begin XCBuildConfiguration section */
		DCEFE3FC2DEBB1BB009592F5 /* Debug */ = {
			isa = XCBuildConfiguration;
			buildSettings = {
				ALWAYS_SEARCH_USER_PATHS = NO;
				ASSETCATALOG_COMPILER_GENERATE_SWIFT_ASSET_SYMBOL_EXTENSIONS = YES;
				CLANG_ANALYZER_NONNULL = YES;
				CLANG_ANALYZER_NUMBER_OBJECT_CONVERSION = YES_AGGRESSIVE;
				CLANG_CXX_LANGUAGE_STANDARD = "gnu++20";
				CLANG_ENABLE_MODULES = YES;
				CLANG_ENABLE_OBJC_ARC = YES;
				CLANG_ENABLE_OBJC_WEAK = YES;
				CLANG_WARN_BLOCK_CAPTURE_AUTORELEASING = YES;
				CLANG_WARN_BOOL_CONVERSION = YES;
				CLANG_WARN_COMMA = YES;
				CLANG_WARN_CONSTANT_CONVERSION = YES;
				CLANG_WARN_DEPRECATED_OBJC_IMPLEMENTATIONS = YES;
				CLANG_WARN_DIRECT_OBJC_ISA_USAGE = YES_ERROR;
				CLANG_WARN_DOCUMENTATION_COMMENTS = YES;
				CLANG_WARN_EMPTY_BODY = YES;
				CLANG_WARN_ENUM_CONVERSION = YES;
				CLANG_WARN_INFINITE_RECURSION = YES;
				CLANG_WARN_INT_CONVERSION = YES;
				CLANG_WARN_NON_LITERAL_NULL_CONVERSION = YES;
				CLANG_WARN_OBJC_IMPLICIT_RETAIN_SELF = YES;
				CLANG_WARN_OBJC_LITERAL_CONVERSION = YES;
				CLANG_WARN_OBJC_ROOT_CLASS = YES_ERROR;
				CLANG_WARN_QUOTED_INCLUDE_IN_FRAMEWORK_HEADER = YES;
				CLANG_WARN_RANGE_LOOP_ANALYSIS = YES;
				CLANG_WARN_STRICT_PROTOTYPES = YES;
				CLANG_WARN_SUSPICIOUS_MOVE = YES;
				CLANG_WARN_UNGUARDED_AVAILABILITY = YES_AGGRESSIVE;
				CLANG_WARN_UNREACHABLE_CODE = YES;
				CLANG_WARN__DUPLICATE_METHOD_MATCH = YES;
				COPY_PHASE_STRIP = NO;
				DEBUG_INFORMATION_FORMAT = dwarf;
				ENABLE_STRICT_OBJC_MSGSEND = YES;
				ENABLE_TESTABILITY = YES;
				ENABLE_USER_SCRIPT_SANDBOXING = YES;
				GCC_C_LANGUAGE_STANDARD = gnu17;
				GCC_DYNAMIC_NO_PIC = NO;
				GCC_NO_COMMON_BLOCKS = YES;
				GCC_OPTIMIZATION_LEVEL = 0;
				GCC_PREPROCESSOR_DEFINITIONS = (
					"DEBUG=1",
					"$(inherited)",
				);
				GCC_WARN_64_TO_32_BIT_CONVERSION = YES;
				GCC_WARN_ABOUT_RETURN_TYPE = YES_ERROR;
				GCC_WARN_UNDECLARED_SELECTOR = YES;
				GCC_WARN_UNINITIALIZED_AUTOS = YES_AGGRESSIVE;
				GCC_WARN_UNUSED_FUNCTION = YES;
				GCC_WARN_UNUSED_VARIABLE = YES;
				IPHONEOS_DEPLOYMENT_TARGET = 18.2;
				LOCALIZATION_PREFERS_STRING_CATALOGS = YES;
				MTL_ENABLE_DEBUG_INFO = INCLUDE_SOURCE;
				MTL_FAST_MATH = YES;
				ONLY_ACTIVE_ARCH = YES;
				SDKROOT = iphoneos;
				SWIFT_ACTIVE_COMPILATION_CONDITIONS = "DEBUG $(inherited)";
				SWIFT_OPTIMIZATION_LEVEL = "-Onone";
			};
			name = Debug;
		};
		DCEFE3FD2DEBB1BB009592F5 /* Release */ = {
			isa = XCBuildConfiguration;
			buildSettings = {
				ALWAYS_SEARCH_USER_PATHS = NO;
				ASSETCATALOG_COMPILER_GENERATE_SWIFT_ASSET_SYMBOL_EXTENSIONS = YES;
				CLANG_ANALYZER_NONNULL = YES;
				CLANG_ANALYZER_NUMBER_OBJECT_CONVERSION = YES_AGGRESSIVE;
				CLANG_CXX_LANGUAGE_STANDARD = "gnu++20";
				CLANG_ENABLE_MODULES = YES;
				CLANG_ENABLE_OBJC_ARC = YES;
				CLANG_ENABLE_OBJC_WEAK = YES;
				CLANG_WARN_BLOCK_CAPTURE_AUTORELEASING = YES;
				CLANG_WARN_BOOL_CONVERSION = YES;
				CLANG_WARN_COMMA = YES;
				CLANG_WARN_CONSTANT_CONVERSION = YES;
				CLANG_WARN_DEPRECATED_OBJC_IMPLEMENTATIONS = YES;
				CLANG_WARN_DIRECT_OBJC_ISA_USAGE = YES_ERROR;
				CLANG_WARN_DOCUMENTATION_COMMENTS = YES;
				CLANG_WARN_EMPTY_BODY = YES;
				CLANG_WARN_ENUM_CONVERSION = YES;
				CLANG_WARN_INFINITE_RECURSION = YES;
				CLANG_WARN_INT_CONVERSION = YES;
				CLANG_WARN_NON_LITERAL_NULL_CONVERSION = YES;
				CLANG_WARN_OBJC_IMPLICIT_RETAIN_SELF = YES;
				CLANG_WARN_OBJC_LITERAL_CONVERSION = YES;
				CLANG_WARN_OBJC_ROOT_CLASS = YES_ERROR;
				CLANG_WARN_QUOTED_INCLUDE_IN_FRAMEWORK_HEADER = YES;
				CLANG_WARN_RANGE_LOOP_ANALYSIS = YES;
				CLANG_WARN_STRICT_PROTOTYPES = YES;
				CLANG_WARN_SUSPICIOUS_MOVE = YES;
				CLANG_WARN_UNGUARDED_AVAILABILITY = YES_AGGRESSIVE;
				CLANG_WARN_UNREACHABLE_CODE = YES;
				CLANG_WARN__DUPLICATE_METHOD_MATCH = YES;
				COPY_PHASE_STRIP = NO;
				DEBUG_INFORMATION_FORMAT = "dwarf-with-dsym";
				ENABLE_NS_ASSERTIONS = NO;
				ENABLE_STRICT_OBJC_MSGSEND = YES;
				ENABLE_USER_SCRIPT_SANDBOXING = YES;
				GCC_C_LANGUAGE_STANDARD = gnu17;
				GCC_NO_COMMON_BLOCKS = YES;
				GCC_WARN_64_TO_32_BIT_CONVERSION = YES;
				GCC_WARN_ABOUT_RETURN_TYPE = YES_ERROR;
				GCC_WARN_UNDECLARED_SELECTOR = YES;
				GCC_WARN_UNINITIALIZED_AUTOS = YES_AGGRESSIVE;
				GCC_WARN_UNUSED_FUNCTION = YES;
				GCC_WARN_UNUSED_VARIABLE = YES;
				IPHONEOS_DEPLOYMENT_TARGET = 18.2;
				LOCALIZATION_PREFERS_STRING_CATALOGS = YES;
				MTL_ENABLE_DEBUG_INFO = NO;
				MTL_FAST_MATH = YES;
				SDKROOT = iphoneos;
				SWIFT_COMPILATION_MODE = wholemodule;
				VALIDATE_PRODUCT = YES;
			};
			name = Release;
		};
		DCEFE3FF2DEBB1BB009592F5 /* Debug */ = {
			isa = XCBuildConfiguration;
			buildSettings = {
				ASSETCATALOG_COMPILER_APPICON_NAME = AppIcon;
				ASSETCATALOG_COMPILER_GLOBAL_ACCENT_COLOR_NAME = AccentColor;
				CODE_SIGN_STYLE = Automatic;
				CURRENT_PROJECT_VERSION = 1;
				DEVELOPMENT_ASSET_PATHS = "\"PullToSearch/Preview Content\"";
				ENABLE_PREVIEWS = YES;
				GENERATE_INFOPLIST_FILE = YES;
				INFOPLIST_KEY_UIApplicationSceneManifest_Generation = YES;
				INFOPLIST_KEY_UIApplicationSupportsIndirectInputEvents = YES;
				INFOPLIST_KEY_UILaunchScreen_Generation = YES;
				INFOPLIST_KEY_UISupportedInterfaceOrientations_iPad = "UIInterfaceOrientationPortrait UIInterfaceOrientationPortraitUpsideDown UIInterfaceOrientationLandscapeLeft UIInterfaceOrientationLandscapeRight";
				INFOPLIST_KEY_UISupportedInterfaceOrientations_iPhone = "UIInterfaceOrientationPortrait UIInterfaceOrientationLandscapeLeft UIInterfaceOrientationLandscapeRight";
				LD_RUNPATH_SEARCH_PATHS = (
					"$(inherited)",
					"@executable_path/Frameworks",
				);
				MARKETING_VERSION = 1.0;
				PRODUCT_BUNDLE_IDENTIFIER = com.learning.PullToSearch;
				PRODUCT_NAME = "$(TARGET_NAME)";
				SWIFT_EMIT_LOC_STRINGS = YES;
				SWIFT_VERSION = 5.0;
				TARGETED_DEVICE_FAMILY = "1,2";
			};
			name = Debug;
		};
		DCEFE4002DEBB1BB009592F5 /* Release */ = {
			isa = XCBuildConfiguration;
			buildSettings = {
				ASSETCATALOG_COMPILER_APPICON_NAME = AppIcon;
				ASSETCATALOG_COMPILER_GLOBAL_ACCENT_COLOR_NAME = AccentColor;
				CODE_SIGN_STYLE = Automatic;
				CURRENT_PROJECT_VERSION = 1;
				DEVELOPMENT_ASSET_PATHS = "\"PullToSearch/Preview Content\"";
				ENABLE_PREVIEWS = YES;
				GENERATE_INFOPLIST_FILE = YES;
				INFOPLIST_KEY_UIApplicationSceneManifest_Generation = YES;
				INFOPLIST_KEY_UIApplicationSupportsIndirectInputEvents = YES;
				INFOPLIST_KEY_UILaunchScreen_Generation = YES;
				INFOPLIST_KEY_UISupportedInterfaceOrientations_iPad = "UIInterfaceOrientationPortrait UIInterfaceOrientationPortraitUpsideDown UIInterfaceOrientationLandscapeLeft UIInterfaceOrientationLandscapeRight";
				INFOPLIST_KEY_UISupportedInterfaceOrientations_iPhone = "UIInterfaceOrientationPortrait UIInterfaceOrientationLandscapeLeft UIInterfaceOrientationLandscapeRight";
				LD_RUNPATH_SEARCH_PATHS = (
					"$(inherited)",
					"@executable_path/Frameworks",
				);
				MARKETING_VERSION = 1.0;
				PRODUCT_BUNDLE_IDENTIFIER = com.learning.PullToSearch;
				PRODUCT_NAME = "$(TARGET_NAME)";
				SWIFT_EMIT_LOC_STRINGS = YES;
				SWIFT_VERSION = 5.0;
				TARGETED_DEVICE_FAMILY = "1,2";
			};
			name = Release;
		};
		DCEFE4022DEBB1BB009592F5 /* Debug */ = {
			isa = XCBuildConfiguration;
			buildSettings = {
				BUNDLE_LOADER = "$(TEST_HOST)";
				CODE_SIGN_STYLE = Automatic;
				CURRENT_PROJECT_VERSION = 1;
				GENERATE_INFOPLIST_FILE = YES;
				IPHONEOS_DEPLOYMENT_TARGET = 18.2;
				MARKETING_VERSION = 1.0;
				PRODUCT_BUNDLE_IDENTIFIER = com.learning.PullToSearchTests;
				PRODUCT_NAME = "$(TARGET_NAME)";
				SWIFT_EMIT_LOC_STRINGS = NO;
				SWIFT_VERSION = 5.0;
				TARGETED_DEVICE_FAMILY = "1,2";
				TEST_HOST = "$(BUILT_PRODUCTS_DIR)/PullToSearch.app/$(BUNDLE_EXECUTABLE_FOLDER_PATH)/PullToSearch";
			};
			name = Debug;
		};
		DCEFE4032DEBB1BB009592F5 /* Release */ = {
			isa = XCBuildConfiguration;
			buildSettings = {
				BUNDLE_LOADER = "$(TEST_HOST)";
				CODE_SIGN_STYLE = Automatic;
				CURRENT_PROJECT_VERSION = 1;
				GENERATE_INFOPLIST_FILE = YES;
				IPHONEOS_DEPLOYMENT_TARGET = 18.2;
				MARKETING_VERSION = 1.0;
				PRODUCT_BUNDLE_IDENTIFIER = com.learning.PullToSearchTests;
				PRODUCT_NAME = "$(TARGET_NAME)";
				SWIFT_EMIT_LOC_STRINGS = NO;
				SWIFT_VERSION = 5.0;
				TARGETED_DEVICE_FAMILY = "1,2";
				TEST_HOST = "$(BUILT_PRODUCTS_DIR)/PullToSearch.app/$(BUNDLE_EXECUTABLE_FOLDER_PATH)/PullToSearch";
			};
			name = Release;
		};
		DCEFE4052DEBB1BB009592F5 /* Debug */ = {
			isa = XCBuildConfiguration;
			buildSettings = {
				CODE_SIGN_STYLE = Automatic;
				CURRENT_PROJECT_VERSION = 1;
				GENERATE_INFOPLIST_FILE = YES;
				MARKETING_VERSION = 1.0;
				PRODUCT_BUNDLE_IDENTIFIER = com.learning.PullToSearchUITests;
				PRODUCT_NAME = "$(TARGET_NAME)";
				SWIFT_EMIT_LOC_STRINGS = NO;
				SWIFT_VERSION = 5.0;
				TARGETED_DEVICE_FAMILY = "1,2";
				TEST_TARGET_NAME = PullToSearch;
			};
			name = Debug;
		};
		DCEFE4062DEBB1BB009592F5 /* Release */ = {
			isa = XCBuildConfiguration;
			buildSettings = {
				CODE_SIGN_STYLE = Automatic;
				CURRENT_PROJECT_VERSION = 1;
				GENERATE_INFOPLIST_FILE = YES;
				MARKETING_VERSION = 1.0;
				PRODUCT_BUNDLE_IDENTIFIER = com.learning.PullToSearchUITests;
				PRODUCT_NAME = "$(TARGET_NAME)";
				SWIFT_EMIT_LOC_STRINGS = NO;
				SWIFT_VERSION = 5.0;
				TARGETED_DEVICE_FAMILY = "1,2";
				TEST_TARGET_NAME = PullToSearch;
			};
			name = Release;
		};
/* End XCBuildConfiguration section */

/* Begin XCConfigurationList section */
		DCEFE3D52DEBB1BA009592F5 /* Build configuration list for PBXProject "PullToSearch" */ = {
			isa = XCConfigurationList;
			buildConfigurations = (
				DCEFE3FC2DEBB1BB009592F5 /* Debug */,
				DCEFE3FD2DEBB1BB009592F5 /* Release */,
			);
			defaultConfigurationIsVisible = 0;
			defaultConfigurationName = Release;
		};
		DCEFE3FE2DEBB1BB009592F5 /* Build configuration list for PBXNativeTarget "PullToSearch" */ = {
			isa = XCConfigurationList;
			buildConfigurations = (
				DCEFE3FF2DEBB1BB009592F5 /* Debug */,
				DCEFE4002DEBB1BB009592F5 /* Release */,
			);
			defaultConfigurationIsVisible = 0;
			defaultConfigurationName = Release;
		};
		DCEFE4012DEBB1BB009592F5 /* Build configuration list for PBXNativeTarget "PullToSearchTests" */ = {
			isa = XCConfigurationList;
			buildConfigurations = (
				DCEFE4022DEBB1BB009592F5 /* Debug */,
				DCEFE4032DEBB1BB009592F5 /* Release */,
			);
			defaultConfigurationIsVisible = 0;
			defaultConfigurationName = Release;
		};
		DCEFE4042DEBB1BB009592F5 /* Build configuration list for PBXNativeTarget "PullToSearchUITests" */ = {
			isa = XCConfigurationList;
			buildConfigurations = (
				DCEFE4052DEBB1BB009592F5 /* Debug */,
				DCEFE4062DEBB1BB009592F5 /* Release */,
			);
			defaultConfigurationIsVisible = 0;
			defaultConfigurationName = Release;
		};
/* End XCConfigurationList section */
	};
	rootObject = DCEFE3D22DEBB1BA009592F5 /* Project object */;
}
